
Microsoft Visual Studio Solution File, Format Version 12.00
# Visual Studio Version 16
VisualStudioVersion = 16.0.30907.101
MinimumVisualStudioVersion = 10.0.40219.1
Project("{FAE04EC0-301F-11D3-BF4B-00C04F79EFBC}") = "EspumDemoAPI", "EspumDemoAPI.csproj", "{9E6742F0-A72B-49B4-A9BD-83516B560BCC}"
EndProject
Global
	GlobalSection(SolutionConfigurationPlatforms) = preSolution
		Debug|Any CPU = Debug|Any CPU
		Release|Any CPU = Release|Any CPU
	EndGlobalSection
	GlobalSection(ProjectConfigurationPlatforms) = postSolution
		{9E6742F0-A72B-49B4-A9BD-83516B560BCC}.Debug|Any CPU.ActiveCfg = Debug|Any CPU
		{9E6742F0-A72B-49B4-A9BD-83516B560BCC}.Debug|Any CPU.Build.0 = Debug|Any CPU
		{9E6742F0-A72B-49B4-A9BD-83516B560BCC}.Release|Any CPU.ActiveCfg = Release|Any CPU
		{9E6742F0-A72B-49B4-A9BD-83516B560BCC}.Release|Any CPU.Build.0 = Release|Any CPU
	EndGlobalSection
	GlobalSection(SolutionProperties) = preSolution
		HideSolutionNode = FALSE
	EndGlobalSection
	GlobalSection(ExtensibilityGlobals) = postSolution
		SolutionGuid = {935523F7-CEB8-4638-9E42-3F14B263151D}
	EndGlobalSection
EndGlobal
